
Microsoft Visual Studio Solution File, Format Version 12.00
# Visual Studio Version 17
VisualStudioVersion = 17.5.33424.131
MinimumVisualStudioVersion = 10.0.40219.1
Project("{FAE04EC0-301F-11D3-BF4B-00C04F79EFBC}") = "CardGame", "CardGame\CardGame.csproj", "{51502B85-7386-43CB-B1C9-79E987E425CD}"
EndProject
Global
	GlobalSection(SolutionConfigurationPlatforms) = preSolution
		Debug|Any CPU = Debug|Any CPU
		Release|Any CPU = Release|Any CPU
	EndGlobalSection
	GlobalSection(ProjectConfigurationPlatforms) = postSolution
		{51502B85-7386-43CB-B1C9-79E987E425CD}.Debug|Any CPU.ActiveCfg = Debug|Any CPU
		{51502B85-7386-43CB-B1C9-79E987E425CD}.Debug|Any CPU.Build.0 = Debug|Any CPU
		{51502B85-7386-43CB-B1C9-79E987E425CD}.Release|Any CPU.ActiveCfg = Release|Any CPU
		{51502B85-7386-43CB-B1C9-79E987E425CD}.Release|Any CPU.Build.0 = Release|Any CPU
	EndGlobalSection
	GlobalSection(SolutionProperties) = preSolution
		HideSolutionNode = FALSE
	EndGlobalSection
	GlobalSection(ExtensibilityGlobals) = postSolution
		SolutionGuid = {005D7914-7BBE-4E87-A4E9-34905880F9C1}
	EndGlobalSection
EndGlobal
